
Microsoft Visual Studio Solution File, Format Version 12.00
# Visual Studio Version 16
VisualStudioVersion = 16.0.28803.156
MinimumVisualStudioVersion = 10.0.40219.1
Project("{FAE04EC0-301F-11D3-BF4B-00C04F79EFBC}") = "KBLibDBG", "KBLibDBG\KBLibDBG.csproj", "{14AD0D96-92A5-4486-884A-284E4406FFB0}"
EndProject
Project("{D954291E-2A0B-460D-934E-DC6B0785DB48}") = "KeyboardLib", "KeyboardLib\KeyboardLib.shproj", "{73A604E1-4EBB-45B9-B940-3A90E9C2AB2F}"
EndProject
Global
	GlobalSection(SharedMSBuildProjectFiles) = preSolution
		KeyboardLib\KeyboardLib.projitems*{14ad0d96-92a5-4486-884a-284e4406ffb0}*SharedItemsImports = 4
		KeyboardLib\KeyboardLib.projitems*{73a604e1-4ebb-45b9-b940-3a90e9c2ab2f}*SharedItemsImports = 13
	EndGlobalSection
	GlobalSection(SolutionConfigurationPlatforms) = preSolution
		Debug|Any CPU = Debug|Any CPU
		Release|Any CPU = Release|Any CPU
	EndGlobalSection
	GlobalSection(ProjectConfigurationPlatforms) = postSolution
		{14AD0D96-92A5-4486-884A-284E4406FFB0}.Debug|Any CPU.ActiveCfg = Debug|Any CPU
		{14AD0D96-92A5-4486-884A-284E4406FFB0}.Debug|Any CPU.Build.0 = Debug|Any CPU
		{14AD0D96-92A5-4486-884A-284E4406FFB0}.Release|Any CPU.ActiveCfg = Release|Any CPU
		{14AD0D96-92A5-4486-884A-284E4406FFB0}.Release|Any CPU.Build.0 = Release|Any CPU
	EndGlobalSection
	GlobalSection(SolutionProperties) = preSolution
		HideSolutionNode = FALSE
	EndGlobalSection
	GlobalSection(ExtensibilityGlobals) = postSolution
		SolutionGuid = {19F39521-9486-4270-A3B2-C379DECC5AB6}
	EndGlobalSection
EndGlobal
